
Microsoft Visual Studio Solution File, Format Version 12.00
# Visual Studio Version 17
VisualStudioVersion = 17.14.36518.9
MinimumVisualStudioVersion = 10.0.40219.1
Project("{FAE04EC0-301F-11D3-BF4B-00C04F79EFBC}") = "DoubleList", "DoubleList\DoubleList.csproj", "{B2919E14-AF93-430E-9079-0D29BBE67FDF}"
EndProject
Project("{FAE04EC0-301F-11D3-BF4B-00C04F79EFBC}") = "DoubleList.UI.Console", "DoubleList.UI.Console\DoubleList.UI.Console.csproj", "{20F21AF4-7CF0-4B85-95B9-1F6E55B31029}"
EndProject
Global
	GlobalSection(SolutionConfigurationPlatforms) = preSolution
		Debug|Any CPU = Debug|Any CPU
		Release|Any CPU = Release|Any CPU
	EndGlobalSection
	GlobalSection(ProjectConfigurationPlatforms) = postSolution
		{B2919E14-AF93-430E-9079-0D29BBE67FDF}.Debug|Any CPU.ActiveCfg = Debug|Any CPU
		{B2919E14-AF93-430E-9079-0D29BBE67FDF}.Debug|Any CPU.Build.0 = Debug|Any CPU
		{B2919E14-AF93-430E-9079-0D29BBE67FDF}.Release|Any CPU.ActiveCfg = Release|Any CPU
		{B2919E14-AF93-430E-9079-0D29BBE67FDF}.Release|Any CPU.Build.0 = Release|Any CPU
		{20F21AF4-7CF0-4B85-95B9-1F6E55B31029}.Debug|Any CPU.ActiveCfg = Debug|Any CPU
		{20F21AF4-7CF0-4B85-95B9-1F6E55B31029}.Debug|Any CPU.Build.0 = Debug|Any CPU
		{20F21AF4-7CF0-4B85-95B9-1F6E55B31029}.Release|Any CPU.ActiveCfg = Release|Any CPU
		{20F21AF4-7CF0-4B85-95B9-1F6E55B31029}.Release|Any CPU.Build.0 = Release|Any CPU
	EndGlobalSection
	GlobalSection(SolutionProperties) = preSolution
		HideSolutionNode = FALSE
	EndGlobalSection
	GlobalSection(ExtensibilityGlobals) = postSolution
		SolutionGuid = {B1377AF0-EA8A-4FD4-A9EE-1AB714E99C49}
	EndGlobalSection
EndGlobal
